
Microsoft Visual Studio Solution File, Format Version 12.00
# Visual Studio 15
VisualStudioVersion = 15.0.28307.271
MinimumVisualStudioVersion = 10.0.40219.1
Project("{9A19103F-16F7-4668-BE54-9A1E7A4F7556}") = "SignOfIntegerNumbers", "SignOfIntegerNumbers\SignOfIntegerNumbers.csproj", "{09EF38A7-958E-43C0-981B-CD927CFFF5D9}"
EndProject
Project("{FAE04EC0-301F-11D3-BF4B-00C04F79EFBC}") = "MethodDeclarations", "MethodDeclarations\MethodDeclarations.csproj", "{1F7B345C-C0DC-4FC8-8058-53482C348C0E}"
EndProject
Project("{FAE04EC0-301F-11D3-BF4B-00C04F79EFBC}") = "Grades", "Grades\Grades.csproj", "{525EFB5D-9D7F-478C-B29D-0129DD75A512}"
EndProject
Project("{FAE04EC0-301F-11D3-BF4B-00C04F79EFBC}") = "PrintingTriangle", "PrintingTriangle\PrintingTriangle.csproj", "{DD7F3B1C-3776-4010-8CDE-228A58702450}"
EndProject
Project("{FAE04EC0-301F-11D3-BF4B-00C04F79EFBC}") = "Calculations", "Calculations\Calculations.csproj", "{4FAAE7EE-8F0E-4271-AAC4-854F7AEAFF14}"
EndProject
Project("{FAE04EC0-301F-11D3-BF4B-00C04F79EFBC}") = "Orders", "Orders\Orders.csproj", "{A7EC1EA3-B000-49AF-9317-6D2628D62368}"
EndProject
Project("{FAE04EC0-301F-11D3-BF4B-00C04F79EFBC}") = "CalculateTriangleArea", "CalculateTriangleArea\CalculateTriangleArea.csproj", "{51B0EE85-94A0-4705-A327-C01CB28D89F4}"
EndProject
Project("{FAE04EC0-301F-11D3-BF4B-00C04F79EFBC}") = "RepeatString", "RepeatString\RepeatString.csproj", "{0F838C3F-C352-42FB-824F-972FA28486F1}"
EndProject
Project("{FAE04EC0-301F-11D3-BF4B-00C04F79EFBC}") = "MathPower", "MathPower\MathPower.csproj", "{3710E2ED-56AB-40B5-A61A-39BC979B25DA}"
EndProject
Project("{FAE04EC0-301F-11D3-BF4B-00C04F79EFBC}") = "GreaterOfTwoValues", "GreaterOfTwoValues\GreaterOfTwoValues.csproj", "{91EF64A1-1A90-4560-A32D-A0336B60C2FB}"
EndProject
Project("{FAE04EC0-301F-11D3-BF4B-00C04F79EFBC}") = "MultiplyEvenByOdds", "MultiplyEvenByOdds\MultiplyEvenByOdds.csproj", "{8F741472-A163-4C57-A072-BB91BECBAC27}"
EndProject
Project("{FAE04EC0-301F-11D3-BF4B-00C04F79EFBC}") = "MathOperations", "MathOperations\MathOperations.csproj", "{02242C3B-A28E-4FB4-9D50-7FC5E349B9D6}"
EndProject
Global
	GlobalSection(SolutionConfigurationPlatforms) = preSolution
		Debug|Any CPU = Debug|Any CPU
		Release|Any CPU = Release|Any CPU
	EndGlobalSection
	GlobalSection(ProjectConfigurationPlatforms) = postSolution
		{09EF38A7-958E-43C0-981B-CD927CFFF5D9}.Debug|Any CPU.ActiveCfg = Debug|Any CPU
		{09EF38A7-958E-43C0-981B-CD927CFFF5D9}.Debug|Any CPU.Build.0 = Debug|Any CPU
		{09EF38A7-958E-43C0-981B-CD927CFFF5D9}.Release|Any CPU.ActiveCfg = Release|Any CPU
		{09EF38A7-958E-43C0-981B-CD927CFFF5D9}.Release|Any CPU.Build.0 = Release|Any CPU
		{1F7B345C-C0DC-4FC8-8058-53482C348C0E}.Debug|Any CPU.ActiveCfg = Debug|Any CPU
		{1F7B345C-C0DC-4FC8-8058-53482C348C0E}.Debug|Any CPU.Build.0 = Debug|Any CPU
		{1F7B345C-C0DC-4FC8-8058-53482C348C0E}.Release|Any CPU.ActiveCfg = Release|Any CPU
		{1F7B345C-C0DC-4FC8-8058-53482C348C0E}.Release|Any CPU.Build.0 = Release|Any CPU
		{525EFB5D-9D7F-478C-B29D-0129DD75A512}.Debug|Any CPU.ActiveCfg = Debug|Any CPU
		{525EFB5D-9D7F-478C-B29D-0129DD75A512}.Debug|Any CPU.Build.0 = Debug|Any CPU
		{525EFB5D-9D7F-478C-B29D-0129DD75A512}.Release|Any CPU.ActiveCfg = Release|Any CPU
		{525EFB5D-9D7F-478C-B29D-0129DD75A512}.Release|Any CPU.Build.0 = Release|Any CPU
		{DD7F3B1C-3776-4010-8CDE-228A58702450}.Debug|Any CPU.ActiveCfg = Debug|Any CPU
		{DD7F3B1C-3776-4010-8CDE-228A58702450}.Debug|Any CPU.Build.0 = Debug|Any CPU
		{DD7F3B1C-3776-4010-8CDE-228A58702450}.Release|Any CPU.ActiveCfg = Release|Any CPU
		{DD7F3B1C-3776-4010-8CDE-228A58702450}.Release|Any CPU.Build.0 = Release|Any CPU
		{4FAAE7EE-8F0E-4271-AAC4-854F7AEAFF14}.Debug|Any CPU.ActiveCfg = Debug|Any CPU
		{4FAAE7EE-8F0E-4271-AAC4-854F7AEAFF14}.Debug|Any CPU.Build.0 = Debug|Any CPU
		{4FAAE7EE-8F0E-4271-AAC4-854F7AEAFF14}.Release|Any CPU.ActiveCfg = Release|Any CPU
		{4FAAE7EE-8F0E-4271-AAC4-854F7AEAFF14}.Release|Any CPU.Build.0 = Release|Any CPU
		{A7EC1EA3-B000-49AF-9317-6D2628D62368}.Debug|Any CPU.ActiveCfg = Debug|Any CPU
		{A7EC1EA3-B000-49AF-9317-6D2628D62368}.Debug|Any CPU.Build.0 = Debug|Any CPU
		{A7EC1EA3-B000-49AF-9317-6D2628D62368}.Release|Any CPU.ActiveCfg = Release|Any CPU
		{A7EC1EA3-B000-49AF-9317-6D2628D62368}.Release|Any CPU.Build.0 = Release|Any CPU
		{51B0EE85-94A0-4705-A327-C01CB28D89F4}.Debug|Any CPU.ActiveCfg = Debug|Any CPU
		{51B0EE85-94A0-4705-A327-C01CB28D89F4}.Debug|Any CPU.Build.0 = Debug|Any CPU
		{51B0EE85-94A0-4705-A327-C01CB28D89F4}.Release|Any CPU.ActiveCfg = Release|Any CPU
		{51B0EE85-94A0-4705-A327-C01CB28D89F4}.Release|Any CPU.Build.0 = Release|Any CPU
		{0F838C3F-C352-42FB-824F-972FA28486F1}.Debug|Any CPU.ActiveCfg = Debug|Any CPU
		{0F838C3F-C352-42FB-824F-972FA28486F1}.Debug|Any CPU.Build.0 = Debug|Any CPU
		{0F838C3F-C352-42FB-824F-972FA28486F1}.Release|Any CPU.ActiveCfg = Release|Any CPU
		{0F838C3F-C352-42FB-824F-972FA28486F1}.Release|Any CPU.Build.0 = Release|Any CPU
		{3710E2ED-56AB-40B5-A61A-39BC979B25DA}.Debug|Any CPU.ActiveCfg = Debug|Any CPU
		{3710E2ED-56AB-40B5-A61A-39BC979B25DA}.Debug|Any CPU.Build.0 = Debug|Any CPU
		{3710E2ED-56AB-40B5-A61A-39BC979B25DA}.Release|Any CPU.ActiveCfg = Release|Any CPU
		{3710E2ED-56AB-40B5-A61A-39BC979B25DA}.Release|Any CPU.Build.0 = Release|Any CPU
		{91EF64A1-1A90-4560-A32D-A0336B60C2FB}.Debug|Any CPU.ActiveCfg = Debug|Any CPU
		{91EF64A1-1A90-4560-A32D-A0336B60C2FB}.Debug|Any CPU.Build.0 = Debug|Any CPU
		{91EF64A1-1A90-4560-A32D-A0336B60C2FB}.Release|Any CPU.ActiveCfg = Release|Any CPU
		{91EF64A1-1A90-4560-A32D-A0336B60C2FB}.Release|Any CPU.Build.0 = Release|Any CPU
		{8F741472-A163-4C57-A072-BB91BECBAC27}.Debug|Any CPU.ActiveCfg = Debug|Any CPU
		{8F741472-A163-4C57-A072-BB91BECBAC27}.Debug|Any CPU.Build.0 = Debug|Any CPU
		{8F741472-A163-4C57-A072-BB91BECBAC27}.Release|Any CPU.ActiveCfg = Release|Any CPU
		{8F741472-A163-4C57-A072-BB91BECBAC27}.Release|Any CPU.Build.0 = Release|Any CPU
		{02242C3B-A28E-4FB4-9D50-7FC5E349B9D6}.Debug|Any CPU.ActiveCfg = Debug|Any CPU
		{02242C3B-A28E-4FB4-9D50-7FC5E349B9D6}.Debug|Any CPU.Build.0 = Debug|Any CPU
		{02242C3B-A28E-4FB4-9D50-7FC5E349B9D6}.Release|Any CPU.ActiveCfg = Release|Any CPU
		{02242C3B-A28E-4FB4-9D50-7FC5E349B9D6}.Release|Any CPU.Build.0 = Release|Any CPU
	EndGlobalSection
	GlobalSection(SolutionProperties) = preSolution
		HideSolutionNode = FALSE
	EndGlobalSection
	GlobalSection(ExtensibilityGlobals) = postSolution
		SolutionGuid = {B2A5312C-7CCB-4EC1-B65D-12C4B168E67D}
	EndGlobalSection
EndGlobal
