
Microsoft Visual Studio Solution File, Format Version 12.00
# Visual Studio 15
VisualStudioVersion = 15.0.28307.271
MinimumVisualStudioVersion = 10.0.40219.1
Project("{FAE04EC0-301F-11D3-BF4B-00C04F79EFBC}") = "SpringVacantionTrip", "SpringVacantionTrip\SpringVacantionTrip.csproj", "{272C37E9-A2F0-4F25-A991-7B59A59814E4}"
EndProject
Project("{FAE04EC0-301F-11D3-BF4B-00C04F79EFBC}") = "HelloFrance", "HelloFrance\HelloFrance.csproj", "{09EC8A39-1246-456F-AF12-255828875EA2}"
EndProject
Project("{FAE04EC0-301F-11D3-BF4B-00C04F79EFBC}") = "LastStop", "LastStop\LastStop.csproj", "{7DF7EA98-47A8-4BE9-AD10-11353B8A6794}"
EndProject
Global
	GlobalSection(SolutionConfigurationPlatforms) = preSolution
		Debug|Any CPU = Debug|Any CPU
		Release|Any CPU = Release|Any CPU
	EndGlobalSection
	GlobalSection(ProjectConfigurationPlatforms) = postSolution
		{272C37E9-A2F0-4F25-A991-7B59A59814E4}.Debug|Any CPU.ActiveCfg = Debug|Any CPU
		{272C37E9-A2F0-4F25-A991-7B59A59814E4}.Debug|Any CPU.Build.0 = Debug|Any CPU
		{272C37E9-A2F0-4F25-A991-7B59A59814E4}.Release|Any CPU.ActiveCfg = Release|Any CPU
		{272C37E9-A2F0-4F25-A991-7B59A59814E4}.Release|Any CPU.Build.0 = Release|Any CPU
		{09EC8A39-1246-456F-AF12-255828875EA2}.Debug|Any CPU.ActiveCfg = Debug|Any CPU
		{09EC8A39-1246-456F-AF12-255828875EA2}.Debug|Any CPU.Build.0 = Debug|Any CPU
		{09EC8A39-1246-456F-AF12-255828875EA2}.Release|Any CPU.ActiveCfg = Release|Any CPU
		{09EC8A39-1246-456F-AF12-255828875EA2}.Release|Any CPU.Build.0 = Release|Any CPU
		{7DF7EA98-47A8-4BE9-AD10-11353B8A6794}.Debug|Any CPU.ActiveCfg = Debug|Any CPU
		{7DF7EA98-47A8-4BE9-AD10-11353B8A6794}.Debug|Any CPU.Build.0 = Debug|Any CPU
		{7DF7EA98-47A8-4BE9-AD10-11353B8A6794}.Release|Any CPU.ActiveCfg = Release|Any CPU
		{7DF7EA98-47A8-4BE9-AD10-11353B8A6794}.Release|Any CPU.Build.0 = Release|Any CPU
	EndGlobalSection
	GlobalSection(SolutionProperties) = preSolution
		HideSolutionNode = FALSE
	EndGlobalSection
	GlobalSection(ExtensibilityGlobals) = postSolution
		SolutionGuid = {3EAC1F51-A445-4DFA-9AC7-A7269270C41C}
	EndGlobalSection
EndGlobal
